dependencies:
  double_reset:
    component_hash: 49d3509fa26c0a9523c3bc08c43bdd1443900a953967beafbfebeb7e1679fec2
    source:
      git: https://github.com/mdvorak/esp-double-reset.git
      type: git
    version: 19d144674aaa70205b08a248ff6a31acf7490813
  idf:
    component_hash: null
    source:
      type: idf
    version: 4.3.2
  wps_config:
    component_hash: 8ce0d63e760e56c763d6f5dbb4be55fb1873bd14eee2ee4ec917e47b3f50e81d
    source:
      git: https://github.com/mdvorak/esp-wps-config.git
      type: git
    version: 2fdb14b7d8212c6bb9097d5e193866bac641ed5a
manifest_hash: b52dc2ab8834f10d1522efb80b5b6821eea8f2565a39409d2d45602b780dbe4c
target: esp32
version: 1.0.0
